{
    "version": 3,
    "terraform_version": "0.11.7",
    "serial": 2,
    "lineage": "be52ed37-a569-5299-64b8-e48262057a63",
    "modules": [
        {
            "path": [
                "root"
            ],
            "outputs": {},
            "resources": {
                "aws_default_route_table.private_route": {
                    "type": "aws_default_route_table",
                    "depends_on": [
                        "aws_vpc.main"
                    ],
                    "primary": {
                        "id": "rtb-06e5be4d6e1856aef",
                        "attributes": {
                            "default_route_table_id": "rtb-06e5be4d6e1856aef",
                            "id": "rtb-06e5be4d6e1856aef",
                            "owner_id": "562084898794",
                            "propagating_vgws.#": "0",
                            "route.#": "0",
                            "tags.%": "1",
                            "tags.Name": "my-private-route-table",
                            "vpc_id": "vpc-00b5dd348cc4c0eb9"
                        },
                        "meta": {},
                        "tainted": false
                    },
                    "deposed": [],
                    "provider": "provider.aws"
                },
                "aws_internet_gateway.gw": {
                    "type": "aws_internet_gateway",
                    "depends_on": [
                        "aws_vpc.main"
                    ],
                    "primary": {
                        "id": "igw-09b324609fd0c885b",
                        "attributes": {
                            "id": "igw-09b324609fd0c885b",
                            "owner_id": "562084898794",
                            "tags.%": "1",
                            "tags.Name": "my-test-igw",
                            "vpc_id": "vpc-00b5dd348cc4c0eb9"
                        },
                        "meta": {},
                        "tainted": false
                    },
                    "deposed": [],
                    "provider": "provider.aws"
                },
                "aws_route_table.public_route": {
                    "type": "aws_route_table",
                    "depends_on": [
                        "aws_internet_gateway.gw",
                        "aws_vpc.main"
                    ],
                    "primary": {
                        "id": "rtb-0a999f076ca34da37",
                        "attributes": {
                            "id": "rtb-0a999f076ca34da37",
                            "owner_id": "562084898794",
                            "propagating_vgws.#": "0",
                            "route.#": "1",
                            "route.1217585284.cidr_block": "0.0.0.0/0",
                            "route.1217585284.egress_only_gateway_id": "",
                            "route.1217585284.gateway_id": "igw-09b324609fd0c885b",
                            "route.1217585284.instance_id": "",
                            "route.1217585284.ipv6_cidr_block": "",
                            "route.1217585284.nat_gateway_id": "",
                            "route.1217585284.network_interface_id": "",
                            "route.1217585284.transit_gateway_id": "",
                            "route.1217585284.vpc_peering_connection_id": "",
                            "tags.%": "1",
                            "tags.Name": "my-test-public-route",
                            "vpc_id": "vpc-00b5dd348cc4c0eb9"
                        },
                        "meta": {},
                        "tainted": false
                    },
                    "deposed": [],
                    "provider": "provider.aws"
                },
                "aws_route_table_association.private_subnet_assoc.0": {
                    "type": "aws_route_table_association",
                    "depends_on": [
                        "aws_default_route_table.private_route",
                        "aws_subnet.private_subnet",
                        "aws_subnet.private_subnet.*"
                    ],
                    "primary": {
                        "id": "rtbassoc-083bfe761a87f20ac",
                        "attributes": {
                            "id": "rtbassoc-083bfe761a87f20ac",
                            "route_table_id": "rtb-06e5be4d6e1856aef",
                            "subnet_id": "subnet-0b8d9eeb9ccc42177"
                        },
                        "meta": {},
                        "tainted": false
                    },
                    "deposed": [],
                    "provider": "provider.aws"
                },
                "aws_route_table_association.private_subnet_assoc.1": {
                    "type": "aws_route_table_association",
                    "depends_on": [
                        "aws_default_route_table.private_route",
                        "aws_subnet.private_subnet",
                        "aws_subnet.private_subnet.*"
                    ],
                    "primary": {
                        "id": "rtbassoc-0148a31e0b05ec591",
                        "attributes": {
                            "id": "rtbassoc-0148a31e0b05ec591",
                            "route_table_id": "rtb-06e5be4d6e1856aef",
                            "subnet_id": "subnet-0d608bc559871c1ca"
                        },
                        "meta": {},
                        "tainted": false
                    },
                    "deposed": [],
                    "provider": "provider.aws"
                },
                "aws_route_table_association.public_subnet_assoc.0": {
                    "type": "aws_route_table_association",
                    "depends_on": [
                        "aws_route_table.public_route",
                        "aws_subnet.public_subnet",
                        "aws_subnet.public_subnet.*"
                    ],
                    "primary": {
                        "id": "rtbassoc-092d4e52f105ddce6",
                        "attributes": {
                            "id": "rtbassoc-092d4e52f105ddce6",
                            "route_table_id": "rtb-0a999f076ca34da37",
                            "subnet_id": "subnet-0d336133577454059"
                        },
                        "meta": {},
                        "tainted": false
                    },
                    "deposed": [],
                    "provider": "provider.aws"
                },
                "aws_route_table_association.public_subnet_assoc.1": {
                    "type": "aws_route_table_association",
                    "depends_on": [
                        "aws_route_table.public_route",
                        "aws_subnet.public_subnet",
                        "aws_subnet.public_subnet.*"
                    ],
                    "primary": {
                        "id": "rtbassoc-03e237161f278a145",
                        "attributes": {
                            "id": "rtbassoc-03e237161f278a145",
                            "route_table_id": "rtb-0a999f076ca34da37",
                            "subnet_id": "subnet-06d74bf9f98adbe72"
                        },
                        "meta": {},
                        "tainted": false
                    },
                    "deposed": [],
                    "provider": "provider.aws"
                },
                "aws_subnet.private_subnet.0": {
                    "type": "aws_subnet",
                    "depends_on": [
                        "aws_vpc.main",
                        "data.aws_availability_zones.available"
                    ],
                    "primary": {
                        "id": "subnet-0b8d9eeb9ccc42177",
                        "attributes": {
                            "arn": "arn:aws:ec2:us-west-2:562084898794:subnet/subnet-0b8d9eeb9ccc42177",
                            "assign_ipv6_address_on_creation": "false",
                            "availability_zone": "us-west-2a",
                            "availability_zone_id": "usw2-az2",
                            "cidr_block": "10.0.3.0/24",
                            "id": "subnet-0b8d9eeb9ccc42177",
                            "ipv6_cidr_block": "",
                            "ipv6_cidr_block_association_id": "",
                            "map_public_ip_on_launch": "false",
                            "owner_id": "562084898794",
                            "tags.%": "1",
                            "tags.Name": "my-test-private-subnet.1",
                            "vpc_id": "vpc-00b5dd348cc4c0eb9"
                        },
                        "meta": {
                            "e2bfb730-ecaa-11e6-8f88-34363bc7c4c0": {
                                "create": 600000000000,
                                "delete": 1200000000000
                            },
                            "schema_version": "1"
                        },
                        "tainted": false
                    },
                    "deposed": [],
                    "provider": "provider.aws"
                },
                "aws_subnet.private_subnet.1": {
                    "type": "aws_subnet",
                    "depends_on": [
                        "aws_vpc.main",
                        "data.aws_availability_zones.available"
                    ],
                    "primary": {
                        "id": "subnet-0d608bc559871c1ca",
                        "attributes": {
                            "arn": "arn:aws:ec2:us-west-2:562084898794:subnet/subnet-0d608bc559871c1ca",
                            "assign_ipv6_address_on_creation": "false",
                            "availability_zone": "us-west-2b",
                            "availability_zone_id": "usw2-az1",
                            "cidr_block": "10.0.4.0/24",
                            "id": "subnet-0d608bc559871c1ca",
                            "ipv6_cidr_block": "",
                            "ipv6_cidr_block_association_id": "",
                            "map_public_ip_on_launch": "false",
                            "owner_id": "562084898794",
                            "tags.%": "1",
                            "tags.Name": "my-test-private-subnet.2",
                            "vpc_id": "vpc-00b5dd348cc4c0eb9"
                        },
                        "meta": {
                            "e2bfb730-ecaa-11e6-8f88-34363bc7c4c0": {
                                "create": 600000000000,
                                "delete": 1200000000000
                            },
                            "schema_version": "1"
                        },
                        "tainted": false
                    },
                    "deposed": [],
                    "provider": "provider.aws"
                },
                "aws_subnet.public_subnet.0": {
                    "type": "aws_subnet",
                    "depends_on": [
                        "aws_vpc.main",
                        "data.aws_availability_zones.available"
                    ],
                    "primary": {
                        "id": "subnet-0d336133577454059",
                        "attributes": {
                            "arn": "arn:aws:ec2:us-west-2:562084898794:subnet/subnet-0d336133577454059",
                            "assign_ipv6_address_on_creation": "false",
                            "availability_zone": "us-west-2a",
                            "availability_zone_id": "usw2-az2",
                            "cidr_block": "10.0.1.0/24",
                            "id": "subnet-0d336133577454059",
                            "ipv6_cidr_block": "",
                            "ipv6_cidr_block_association_id": "",
                            "map_public_ip_on_launch": "true",
                            "owner_id": "562084898794",
                            "tags.%": "1",
                            "tags.Name": "my-test-public-subnet.1",
                            "vpc_id": "vpc-00b5dd348cc4c0eb9"
                        },
                        "meta": {
                            "e2bfb730-ecaa-11e6-8f88-34363bc7c4c0": {
                                "create": 600000000000,
                                "delete": 1200000000000
                            },
                            "schema_version": "1"
                        },
                        "tainted": false
                    },
                    "deposed": [],
                    "provider": "provider.aws"
                },
                "aws_subnet.public_subnet.1": {
                    "type": "aws_subnet",
                    "depends_on": [
                        "aws_vpc.main",
                        "data.aws_availability_zones.available"
                    ],
                    "primary": {
                        "id": "subnet-06d74bf9f98adbe72",
                        "attributes": {
                            "arn": "arn:aws:ec2:us-west-2:562084898794:subnet/subnet-06d74bf9f98adbe72",
                            "assign_ipv6_address_on_creation": "false",
                            "availability_zone": "us-west-2b",
                            "availability_zone_id": "usw2-az1",
                            "cidr_block": "10.0.2.0/24",
                            "id": "subnet-06d74bf9f98adbe72",
                            "ipv6_cidr_block": "",
                            "ipv6_cidr_block_association_id": "",
                            "map_public_ip_on_launch": "true",
                            "owner_id": "562084898794",
                            "tags.%": "1",
                            "tags.Name": "my-test-public-subnet.2",
                            "vpc_id": "vpc-00b5dd348cc4c0eb9"
                        },
                        "meta": {
                            "e2bfb730-ecaa-11e6-8f88-34363bc7c4c0": {
                                "create": 600000000000,
                                "delete": 1200000000000
                            },
                            "schema_version": "1"
                        },
                        "tainted": false
                    },
                    "deposed": [],
                    "provider": "provider.aws"
                },
                "aws_vpc.main": {
                    "type": "aws_vpc",
                    "depends_on": [],
                    "primary": {
                        "id": "vpc-00b5dd348cc4c0eb9",
                        "attributes": {
                            "arn": "arn:aws:ec2:us-west-2:562084898794:vpc/vpc-00b5dd348cc4c0eb9",
                            "assign_generated_ipv6_cidr_block": "false",
                            "cidr_block": "10.0.0.0/16",
                            "default_network_acl_id": "acl-097d2fa6888c0d3d5",
                            "default_route_table_id": "rtb-06e5be4d6e1856aef",
                            "default_security_group_id": "sg-0f45c296deb9fdb7b",
                            "dhcp_options_id": "dopt-93df14eb",
                            "enable_classiclink": "false",
                            "enable_classiclink_dns_support": "false",
                            "enable_dns_hostnames": "true",
                            "enable_dns_support": "true",
                            "id": "vpc-00b5dd348cc4c0eb9",
                            "instance_tenancy": "default",
                            "ipv6_association_id": "",
                            "ipv6_cidr_block": "",
                            "main_route_table_id": "rtb-06e5be4d6e1856aef",
                            "owner_id": "562084898794",
                            "tags.%": "1",
                            "tags.Name": "my-test-vpc"
                        },
                        "meta": {
                            "schema_version": "1"
                        },
                        "tainted": false
                    },
                    "deposed": [],
                    "provider": "provider.aws"
                },
                "data.aws_availability_zones.available": {
                    "type": "aws_availability_zones",
                    "depends_on": [],
                    "primary": {
                        "id": "2019-10-20 14:45:34.375941268 +0000 UTC",
                        "attributes": {
                            "id": "2019-10-20 14:45:34.375941268 +0000 UTC",
                            "names.#": "4",
                            "names.0": "us-west-2a",
                            "names.1": "us-west-2b",
                            "names.2": "us-west-2c",
                            "names.3": "us-west-2d",
                            "zone_ids.#": "4",
                            "zone_ids.0": "usw2-az2",
                            "zone_ids.1": "usw2-az1",
                            "zone_ids.2": "usw2-az3",
                            "zone_ids.3": "usw2-az4"
                        },
                        "meta": {},
                        "tainted": false
                    },
                    "deposed": [],
                    "provider": "provider.aws"
                }
            },
            "depends_on": []
        }
    ]
}
